// !$*UTF8*$!
{
	archiveVersion = 1;
	classes = {
	};
	objectVersion = 46;
	objects = {

/* Begin PBXBuildFile section */
		8D726EF41EAF4F3900151E68 /* LaunchImage-568h@2x.png in Resources */ = {isa = PBXBuildFile; fileRef = 8D726EED1EAF4F3900151E68 /* LaunchImage-568h@2x.png */; };
		8D726EF51EAF4F3900151E68 /* LaunchImage-700-568h@2x.png in Resources */ = {isa = PBXBuildFile; fileRef = 8D726EEE1EAF4F3900151E68 /* LaunchImage-700-568h@2x.png */; };
		8D726EF61EAF4F3900151E68 /* LaunchImage-700@2x.png in Resources */ = {isa = PBXBuildFile; fileRef = 8D726EEF1EAF4F3900151E68 /* LaunchImage-700@2x.png */; };
		8D726EF71EAF4F3900151E68 /* LaunchImage-800-667h@2x.png in Resources */ = {isa = PBXBuildFile; fileRef = 8D726EF01EAF4F3900151E68 /* LaunchImage-800-667h@2x.png */; };
		8D726EF81EAF4F3900151E68 /* LaunchImage-800-Portrait-736h@3x.png in Resources */ = {isa = PBXBuildFile; fileRef = 8D726EF11EAF4F3900151E68 /* LaunchImage-800-Portrait-736h@3x.png */; };
		8D726EF91EAF4F3900151E68 /* LaunchImage.png in Resources */ = {isa = PBXBuildFile; fileRef = 8D726EF21EAF4F3900151E68 /* LaunchImage.png */; };
		8D726EFA1EAF4F3900151E68 /* LaunchImage@2x.png in Resources */ = {isa = PBXBuildFile; fileRef = 8D726EF31EAF4F3900151E68 /* LaunchImage@2x.png */; };
		8DF0FF071EAF435200B9815F /* Assets.xcassets in Resources */ = {isa = PBXBuildFile; fileRef = 8DF0FF061EAF435200B9815F /* Assets.xcassets */; };
		8DF0FF0A1EAF435200B9815F /* LaunchScreen.storyboard in Resources */ = {isa = PBXBuildFile; fileRef = 8DF0FF081EAF435200B9815F /* LaunchScreen.storyboard */; };
		8DF0FF151EAF435200B9815F /* QiuQiuNiTests.m in Sources */ = {isa = PBXBuildFile; fileRef = 8DF0FF141EAF435200B9815F /* QiuQiuNiTests.m */; };
		8DF0FF201EAF435200B9815F /* QiuQiuNiUITests.m in Sources */ = {isa = PBXBuildFile; fileRef = 8DF0FF1F1EAF435200B9815F /* QiuQiuNiUITests.m */; };
		8DF0FF3F1EAF463700B9815F /* HYRMainViewController.m in Sources */ = {isa = PBXBuildFile; fileRef = 8DF0FF3E1EAF463700B9815F /* HYRMainViewController.m */; };
		8DF0FF421EAF465900B9815F /* HYRDragViewController.m in Sources */ = {isa = PBXBuildFile; fileRef = 8DF0FF411EAF465900B9815F /* HYRDragViewController.m */; };
		8DF0FF4A1EAF475700B9815F /* AppDelegate.m in Sources */ = {isa = PBXBuildFile; fileRef = 8DF0FF451EAF475700B9815F /* AppDelegate.m */; };
		8DF0FF4B1EAF475700B9815F /* UIView_extra.m in Sources */ = {isa = PBXBuildFile; fileRef = 8DF0FF481EAF475700B9815F /* UIView_extra.m */; };
		8DF0FF4C1EAF475700B9815F /* main.m in Sources */ = {isa = PBXBuildFile; fileRef = 8DF0FF491EAF475700B9815F /* main.m */; };
		8DF0FF581EAF48AB00B9815F /* LeftSlideViewController.m in Sources */ = {isa = PBXBuildFile; fileRef = 8DF0FF531EAF48AB00B9815F /* LeftSlideViewController.m */; };
		8DF0FF5B1EAF48C300B9815F /* HYRLeftViewController.m in Sources */ = {isa = PBXBuildFile; fileRef = 8DF0FF5A1EAF48C300B9815F /* HYRLeftViewController.m */; };
/* End PBXBuildFile section */

/* Begin PBXContainerItemProxy section */
		8DF0FF111EAF435200B9815F /* PBXContainerItemProxy */ = {
			isa = PBXContainerItemProxy;
			containerPortal = 8DF0FEEF1EAF435200B9815F /* Project object */;
			proxyType = 1;
			remoteGlobalIDString = 8DF0FEF61EAF435200B9815F;
			remoteInfo = QiuQiuNi;
		};
		8DF0FF1C1EAF435200B9815F /* PBXContainerItemProxy */ = {
			isa = PBXContainerItemProxy;
			containerPortal = 8DF0FEEF1EAF435200B9815F /* Project object */;
			proxyType = 1;
			remoteGlobalIDString = 8DF0FEF61EAF435200B9815F;
			remoteInfo = QiuQiuNi;
		};
/* End PBXContainerItemProxy section */

/* Begin PBXFileReference section */
		8D726EED1EAF4F3900151E68 /* LaunchImage-568h@2x.png */ = {isa = PBXFileReference; lastKnownFileType = image.png; path = "LaunchImage-568h@2x.png"; sourceTree = "<group>"; };
		8D726EEE1EAF4F3900151E68 /* LaunchImage-700-568h@2x.png */ = {isa = PBXFileReference; lastKnownFileType = image.png; path = "LaunchImage-700-568h@2x.png"; sourceTree = "<group>"; };
		8D726EEF1EAF4F3900151E68 /* LaunchImage-700@2x.png */ = {isa = PBXFileReference; lastKnownFileType = image.png; path = "LaunchImage-700@2x.png"; sourceTree = "<group>"; };
		8D726EF01EAF4F3900151E68 /* LaunchImage-800-667h@2x.png */ = {isa = PBXFileReference; lastKnownFileType = image.png; path = "LaunchImage-800-667h@2x.png"; sourceTree = "<group>"; };
		8D726EF11EAF4F3900151E68 /* LaunchImage-800-Portrait-736h@3x.png */ = {isa = PBXFileReference; lastKnownFileType = image.png; path = "LaunchImage-800-Portrait-736h@3x.png"; sourceTree = "<group>"; };
		8D726EF21EAF4F3900151E68 /* LaunchImage.png */ = {isa = PBXFileReference; lastKnownFileType = image.png; path = LaunchImage.png; sourceTree = "<group>"; };
		8D726EF31EAF4F3900151E68 /* LaunchImage@2x.png */ = {isa = PBXFileReference; lastKnownFileType = image.png; path = "LaunchImage@2x.png"; sourceTree = "<group>"; };
		8DF0FEF71EAF435200B9815F /* QiuQiuNi.app */ = {isa = PBXFileReference; explicitFileType = wrapper.application; includeInIndex = 0; path = QiuQiuNi.app; sourceTree = BUILT_PRODUCTS_DIR; };
		8DF0FF061EAF435200B9815F /* Assets.xcassets */ = {isa = PBXFileReference; lastKnownFileType = folder.assetcatalog; path = Assets.xcassets; sourceTree = "<group>"; };
		8DF0FF091EAF435200B9815F /* Base */ = {isa = PBXFileReference; lastKnownFileType = file.storyboard; name = Base; path = Base.lproj/LaunchScreen.storyboard; sourceTree = "<group>"; };
		8DF0FF0B1EAF435200B9815F /* Info.plist */ = {isa = PBXFileReference; lastKnownFileType = text.plist.xml; path = Info.plist; sourceTree = "<group>"; };
		8DF0FF101EAF435200B9815F /* QiuQiuNiTests.xctest */ = {isa = PBXFileReference; explicitFileType = wrapper.cfbundle; includeInIndex = 0; path = QiuQiuNiTests.xctest; sourceTree = BUILT_PRODUCTS_DIR; };
		8DF0FF141EAF435200B9815F /* QiuQiuNiTests.m */ = {isa = PBXFileReference; lastKnownFileType = sourcecode.c.objc; path = QiuQiuNiTests.m; sourceTree = "<group>"; };
		8DF0FF161EAF435200B9815F /* Info.plist */ = {isa = PBXFileReference; lastKnownFileType = text.plist.xml; path = Info.plist; sourceTree = "<group>"; };
		8DF0FF1B1EAF435200B9815F /* QiuQiuNiUITests.xctest */ = {isa = PBXFileReference; explicitFileType = wrapper.cfbundle; includeInIndex = 0; path = QiuQiuNiUITests.xctest; sourceTree = BUILT_PRODUCTS_DIR; };
		8DF0FF1F1EAF435200B9815F /* QiuQiuNiUITests.m */ = {isa = PBXFileReference; lastKnownFileType = sourcecode.c.objc; path = QiuQiuNiUITests.m; sourceTree = "<group>"; };
		8DF0FF211EAF435200B9815F /* Info.plist */ = {isa = PBXFileReference; lastKnownFileType = text.plist.xml; path = Info.plist; sourceTree = "<group>"; };
		8DF0FF3D1EAF463700B9815F /* HYRMainViewController.h */ = {isa = PBXFileReference; fileEncoding = 4; lastKnownFileType = sourcecode.c.h; path = HYRMainViewController.h; sourceTree = "<group>"; };
		8DF0FF3E1EAF463700B9815F /* HYRMainViewController.m */ = {isa = PBXFileReference; fileEncoding = 4; lastKnownFileType = sourcecode.c.objc; path = HYRMainViewController.m; sourceTree = "<group>"; };
		8DF0FF401EAF465900B9815F /* HYRDragViewController.h */ = {isa = PBXFileReference; fileEncoding = 4; lastKnownFileType = sourcecode.c.h; path = HYRDragViewController.h; sourceTree = "<group>"; };
		8DF0FF411EAF465900B9815F /* HYRDragViewController.m */ = {isa = PBXFileReference; fileEncoding = 4; lastKnownFileType = sourcecode.c.objc; path = HYRDragViewController.m; sourceTree = "<group>"; };
		8DF0FF441EAF475700B9815F /* AppDelegate.h */ = {isa = PBXFileReference; fileEncoding = 4; lastKnownFileType = sourcecode.c.h; path = AppDelegate.h; sourceTree = "<group>"; };
		8DF0FF451EAF475700B9815F /* AppDelegate.m */ = {isa = PBXFileReference; fileEncoding = 4; lastKnownFileType = sourcecode.c.objc; path = AppDelegate.m; sourceTree = "<group>"; };
		8DF0FF471EAF475700B9815F /* UIView_extra.h */ = {isa = PBXFileReference; fileEncoding = 4; lastKnownFileType = sourcecode.c.h; path = UIView_extra.h; sourceTree = "<group>"; };
		8DF0FF481EAF475700B9815F /* UIView_extra.m */ = {isa = PBXFileReference; fileEncoding = 4; lastKnownFileType = sourcecode.c.objc; path = UIView_extra.m; sourceTree = "<group>"; };
		8DF0FF491EAF475700B9815F /* main.m */ = {isa = PBXFileReference; fileEncoding = 4; lastKnownFileType = sourcecode.c.objc; path = main.m; sourceTree = "<group>"; };
		8DF0FF521EAF48AB00B9815F /* LeftSlideViewController.h */ = {isa = PBXFileReference; fileEncoding = 4; lastKnownFileType = sourcecode.c.h; path = LeftSlideViewController.h; sourceTree = "<group>"; };
		8DF0FF531EAF48AB00B9815F /* LeftSlideViewController.m */ = {isa = PBXFileReference; fileEncoding = 4; lastKnownFileType = sourcecode.c.objc; path = LeftSlideViewController.m; sourceTree = "<group>"; };
		8DF0FF591EAF48C300B9815F /* HYRLeftViewController.h */ = {isa = PBXFileReference; fileEncoding = 4; lastKnownFileType = sourcecode.c.h; path = HYRLeftViewController.h; sourceTree = "<group>"; };
		8DF0FF5A1EAF48C300B9815F /* HYRLeftViewController.m */ = {isa = PBXFileReference; fileEncoding = 4; lastKnownFileType = sourcecode.c.objc; path = HYRLeftViewController.m; sourceTree = "<group>"; };
/* End PBXFileReference section */

/* Begin PBXFrameworksBuildPhase section */
		8DF0FEF41EAF435200B9815F /* Frameworks */ = {
			isa = PBXFrameworksBuildPhase;
			buildActionMask = 2147483647;
			files = (
			);
			runOnlyForDeploymentPostprocessing = 0;
		};
		8DF0FF0D1EAF435200B9815F /* Frameworks */ = {
			isa = PBXFrameworksBuildPhase;
			buildActionMask = 2147483647;
			files = (
			);
			runOnlyForDeploymentPostprocessing = 0;
		};
		8DF0FF181EAF435200B9815F /* Frameworks */ = {
			isa = PBXFrameworksBuildPhase;
			buildActionMask = 2147483647;
			files = (
			);
			runOnlyForDeploymentPostprocessing = 0;
		};
/* End PBXFrameworksBuildPhase section */

/* Begin PBXGroup section */
		8D726EEC1EAF4F3900151E68 /* LaunchImage */ = {
			isa = PBXGroup;
			children = (
				8D726EED1EAF4F3900151E68 /* LaunchImage-568h@2x.png */,
				8D726EEE1EAF4F3900151E68 /* LaunchImage-700-568h@2x.png */,
				8D726EEF1EAF4F3900151E68 /* LaunchImage-700@2x.png */,
				8D726EF01EAF4F3900151E68 /* LaunchImage-800-667h@2x.png */,
				8D726EF11EAF4F3900151E68 /* LaunchImage-800-Portrait-736h@3x.png */,
				8D726EF21EAF4F3900151E68 /* LaunchImage.png */,
				8D726EF31EAF4F3900151E68 /* LaunchImage@2x.png */,
			);
			path = LaunchImage;
			sourceTree = "<group>";
		};
		8DF0FEEE1EAF435200B9815F = {
			isa = PBXGroup;
			children = (
				8DF0FEF91EAF435200B9815F /* QiuQiuNi */,
				8DF0FF131EAF435200B9815F /* QiuQiuNiTests */,
				8DF0FF1E1EAF435200B9815F /* QiuQiuNiUITests */,
				8DF0FEF81EAF435200B9815F /* Products */,
			);
			sourceTree = "<group>";
		};
		8DF0FEF81EAF435200B9815F /* Products */ = {
			isa = PBXGroup;
			children = (
				8DF0FEF71EAF435200B9815F /* QiuQiuNi.app */,
				8DF0FF101EAF435200B9815F /* QiuQiuNiTests.xctest */,
				8DF0FF1B1EAF435200B9815F /* QiuQiuNiUITests.xctest */,
			);
			name = Products;
			sourceTree = "<group>";
		};
		8DF0FEF91EAF435200B9815F /* QiuQiuNi */ = {
			isa = PBXGroup;
			children = (
				8DF0FF2D1EAF443900B9815F /* Classes */,
				8DF0FF061EAF435200B9815F /* Assets.xcassets */,
				8DF0FF081EAF435200B9815F /* LaunchScreen.storyboard */,
				8DF0FF0B1EAF435200B9815F /* Info.plist */,
				8DF0FEFA1EAF435200B9815F /* Supporting Files */,
			);
			path = QiuQiuNi;
			sourceTree = "<group>";
		};
		8DF0FEFA1EAF435200B9815F /* Supporting Files */ = {
			isa = PBXGroup;
			children = (
				8D726EEC1EAF4F3900151E68 /* LaunchImage */,
			);
			name = "Supporting Files";
			sourceTree = "<group>";
		};
		8DF0FF131EAF435200B9815F /* QiuQiuNiTests */ = {
			isa = PBXGroup;
			children = (
				8DF0FF141EAF435200B9815F /* QiuQiuNiTests.m */,
				8DF0FF161EAF435200B9815F /* Info.plist */,
			);
			path = QiuQiuNiTests;
			sourceTree = "<group>";
		};
		8DF0FF1E1EAF435200B9815F /* QiuQiuNiUITests */ = {
			isa = PBXGroup;
			children = (
				8DF0FF1F1EAF435200B9815F /* QiuQiuNiUITests.m */,
				8DF0FF211EAF435200B9815F /* Info.plist */,
			);
			path = QiuQiuNiUITests;
			sourceTree = "<group>";
		};
		8DF0FF2D1EAF443900B9815F /* Classes */ = {
			isa = PBXGroup;
			children = (
				8DF0FF511EAF48AB00B9815F /* Drager(抽屉) */,
				8DF0FF541EAF48AB00B9815F /* Left(左侧) */,
				8DF0FF391EAF461800B9815F /* Main(主要) */,
				8DF0FF431EAF475700B9815F /* Other(其他) */,
			);
			path = Classes;
			sourceTree = "<group>";
		};
		8DF0FF391EAF461800B9815F /* Main(主要) */ = {
			isa = PBXGroup;
			children = (
				8DF0FF3A1EAF461800B9815F /* Controller */,
				8DF0FF3B1EAF461800B9815F /* Model */,
				8DF0FF3C1EAF461800B9815F /* View */,
			);
			path = "Main(主要)";
			sourceTree = "<group>";
		};
		8DF0FF3A1EAF461800B9815F /* Controller */ = {
			isa = PBXGroup;
			children = (
				8DF0FF401EAF465900B9815F /* HYRDragViewController.h */,
				8DF0FF411EAF465900B9815F /* HYRDragViewController.m */,
				8DF0FF3D1EAF463700B9815F /* HYRMainViewController.h */,
				8DF0FF3E1EAF463700B9815F /* HYRMainViewController.m */,
			);
			path = Controller;
			sourceTree = "<group>";
		};
		8DF0FF3B1EAF461800B9815F /* Model */ = {
			isa = PBXGroup;
			children = (
			);
			path = Model;
			sourceTree = "<group>";
		};
		8DF0FF3C1EAF461800B9815F /* View */ = {
			isa = PBXGroup;
			children = (
			);
			path = View;
			sourceTree = "<group>";
		};
		8DF0FF431EAF475700B9815F /* Other(其他) */ = {
			isa = PBXGroup;
			children = (
				8DF0FF441EAF475700B9815F /* AppDelegate.h */,
				8DF0FF451EAF475700B9815F /* AppDelegate.m */,
				8DF0FF461EAF475700B9815F /* Category */,
				8DF0FF491EAF475700B9815F /* main.m */,
			);
			path = "Other(其他)";
			sourceTree = "<group>";
		};
		8DF0FF461EAF475700B9815F /* Category */ = {
			isa = PBXGroup;
			children = (
				8DF0FF471EAF475700B9815F /* UIView_extra.h */,
				8DF0FF481EAF475700B9815F /* UIView_extra.m */,
			);
			path = Category;
			sourceTree = "<group>";
		};
		8DF0FF511EAF48AB00B9815F /* Drager(抽屉) */ = {
			isa = PBXGroup;
			children = (
				8DF0FF521EAF48AB00B9815F /* LeftSlideViewController.h */,
				8DF0FF531EAF48AB00B9815F /* LeftSlideViewController.m */,
			);
			path = "Drager(抽屉)";
			sourceTree = "<group>";
		};
		8DF0FF541EAF48AB00B9815F /* Left(左侧) */ = {
			isa = PBXGroup;
			children = (
				8DF0FF551EAF48AB00B9815F /* Controller */,
				8DF0FF561EAF48AB00B9815F /* Model */,
				8DF0FF571EAF48AB00B9815F /* View */,
			);
			path = "Left(左侧)";
			sourceTree = "<group>";
		};
		8DF0FF551EAF48AB00B9815F /* Controller */ = {
			isa = PBXGroup;
			children = (
				8DF0FF591EAF48C300B9815F /* HYRLeftViewController.h */,
				8DF0FF5A1EAF48C300B9815F /* HYRLeftViewController.m */,
			);
			path = Controller;
			sourceTree = "<group>";
		};
		8DF0FF561EAF48AB00B9815F /* Model */ = {
			isa = PBXGroup;
			children = (
			);
			path = Model;
			sourceTree = "<group>";
		};
		8DF0FF571EAF48AB00B9815F /* View */ = {
			isa = PBXGroup;
			children = (
			);
			path = View;
			sourceTree = "<group>";
		};
/* End PBXGroup section */

/* Begin PBXNativeTarget section */
		8DF0FEF61EAF435200B9815F /* QiuQiuNi */ = {
			isa = PBXNativeTarget;
			buildConfigurationList = 8DF0FF241EAF435200B9815F /* Build configuration list for PBXNativeTarget "QiuQiuNi" */;
			buildPhases = (
				8DF0FEF31EAF435200B9815F /* Sources */,
				8DF0FEF41EAF435200B9815F /* Frameworks */,
				8DF0FEF51EAF435200B9815F /* Resources */,
			);
			buildRules = (
			);
			dependencies = (
			);
			name = QiuQiuNi;
			productName = QiuQiuNi;
			productReference = 8DF0FEF71EAF435200B9815F /* QiuQiuNi.app */;
			productType = "com.apple.product-type.application";
		};
		8DF0FF0F1EAF435200B9815F /* QiuQiuNiTests */ = {
			isa = PBXNativeTarget;
			buildConfigurationList = 8DF0FF271EAF435200B9815F /* Build configuration list for PBXNativeTarget "QiuQiuNiTests" */;
			buildPhases = (
				8DF0FF0C1EAF435200B9815F /* Sources */,
				8DF0FF0D1EAF435200B9815F /* Frameworks */,
				8DF0FF0E1EAF435200B9815F /* Resources */,
			);
			buildRules = (
			);
			dependencies = (
				8DF0FF121EAF435200B9815F /* PBXTargetDependency */,
			);
			name = QiuQiuNiTests;
			productName = QiuQiuNiTests;
			productReference = 8DF0FF101EAF435200B9815F /* QiuQiuNiTests.xctest */;
			productType = "com.apple.product-type.bundle.unit-test";
		};
		8DF0FF1A1EAF435200B9815F /* QiuQiuNiUITests */ = {
			isa = PBXNativeTarget;
			buildConfigurationList = 8DF0FF2A1EAF435200B9815F /* Build configuration list for PBXNativeTarget "QiuQiuNiUITests" */;
			buildPhases = (
				8DF0FF171EAF435200B9815F /* Sources */,
				8DF0FF181EAF435200B9815F /* Frameworks */,
				8DF0FF191EAF435200B9815F /* Resources */,
			);
			buildRules = (
			);
			dependencies = (
				8DF0FF1D1EAF435200B9815F /* PBXTargetDependency */,
			);
			name = QiuQiuNiUITests;
			productName = QiuQiuNiUITests;
			productReference = 8DF0FF1B1EAF435200B9815F /* QiuQiuNiUITests.xctest */;
			productType = "com.apple.product-type.bundle.ui-testing";
		};
/* End PBXNativeTarget section */

/* Begin PBXProject section */
		8DF0FEEF1EAF435200B9815F /* Project object */ = {
			isa = PBXProject;
			attributes = {
				CLASSPREFIX = HYR;
				LastUpgradeCheck = 0830;
				ORGANIZATIONNAME = LoveQi;
				TargetAttributes = {
					8DF0FEF61EAF435200B9815F = {
						CreatedOnToolsVersion = 8.3.1;
						ProvisioningStyle = Automatic;
					};
					8DF0FF0F1EAF435200B9815F = {
						CreatedOnToolsVersion = 8.3.1;
						ProvisioningStyle = Automatic;
						TestTargetID = 8DF0FEF61EAF435200B9815F;
					};
					8DF0FF1A1EAF435200B9815F = {
						CreatedOnToolsVersion = 8.3.1;
						ProvisioningStyle = Automatic;
						TestTargetID = 8DF0FEF61EAF435200B9815F;
					};
				};
			};
			buildConfigurationList = 8DF0FEF21EAF435200B9815F /* Build configuration list for PBXProject "QiuQiuNi" */;
			compatibilityVersion = "Xcode 3.2";
			developmentRegion = English;
			hasScannedForEncodings = 0;
			knownRegions = (
				en,
				Base,
			);
			mainGroup = 8DF0FEEE1EAF435200B9815F;
			productRefGroup = 8DF0FEF81EAF435200B9815F /* Products */;
			projectDirPath = "";
			projectRoot = "";
			targets = (
				8DF0FEF61EAF435200B9815F /* QiuQiuNi */,
				8DF0FF0F1EAF435200B9815F /* QiuQiuNiTests */,
				8DF0FF1A1EAF435200B9815F /* QiuQiuNiUITests */,
			);
		};
/* End PBXProject section */

/* Begin PBXResourcesBuildPhase section */
		8DF0FEF51EAF435200B9815F /* Resources */ = {
			isa = PBXResourcesBuildPhase;
			buildActionMask = 2147483647;
			files = (
				8D726EF91EAF4F3900151E68 /* LaunchImage.png in Resources */,
				8D726EFA1EAF4F3900151E68 /* LaunchImage@2x.png in Resources */,
				8DF0FF0A1EAF435200B9815F /* LaunchScreen.storyboard in Resources */,
				8D726EF71EAF4F3900151E68 /* LaunchImage-800-667h@2x.png in Resources */,
				8D726EF41EAF4F3900151E68 /* LaunchImage-568h@2x.png in Resources */,
				8D726EF61EAF4F3900151E68 /* LaunchImage-700@2x.png in Resources */,
				8D726EF51EAF4F3900151E68 /* LaunchImage-700-568h@2x.png in Resources */,
				8DF0FF071EAF435200B9815F /* Assets.xcassets in Resources */,
				8D726EF81EAF4F3900151E68 /* LaunchImage-800-Portrait-736h@3x.png in Resources */,
			);
			runOnlyForDeploymentPostprocessing = 0;
		};
		8DF0FF0E1EAF435200B9815F /* Resources */ = {
			isa = PBXResourcesBuildPhase;
			buildActionMask = 2147483647;
			files = (
			);
			runOnlyForDeploymentPostprocessing = 0;
		};
		8DF0FF191EAF435200B9815F /* Resources */ = {
			isa = PBXResourcesBuildPhase;
			buildActionMask = 2147483647;
			files = (
			);
			runOnlyForDeploymentPostprocessing = 0;
		};
/* End PBXResourcesBuildPhase section */

/* Begin PBXSourcesBuildPhase section */
		8DF0FEF31EAF435200B9815F /* Sources */ = {
			isa = PBXSourcesBuildPhase;
			buildActionMask = 2147483647;
			files = (
				8DF0FF421EAF465900B9815F /* HYRDragViewController.m in Sources */,
				8DF0FF5B1EAF48C300B9815F /* HYRLeftViewController.m in Sources */,
				8DF0FF3F1EAF463700B9815F /* HYRMainViewController.m in Sources */,
				8DF0FF4B1EAF475700B9815F /* UIView_extra.m in Sources */,
				8DF0FF4C1EAF475700B9815F /* main.m in Sources */,
				8DF0FF4A1EAF475700B9815F /* AppDelegate.m in Sources */,
				8DF0FF581EAF48AB00B9815F /* LeftSlideViewController.m in Sources */,
			);
			runOnlyForDeploymentPostprocessing = 0;
		};
		8DF0FF0C1EAF435200B9815F /* Sources */ = {
			isa = PBXSourcesBuildPhase;
			buildActionMask = 2147483647;
			files = (
				8DF0FF151EAF435200B9815F /* QiuQiuNiTests.m in Sources */,
			);
			runOnlyForDeploymentPostprocessing = 0;
		};
		8DF0FF171EAF435200B9815F /* Sources */ = {
			isa = PBXSourcesBuildPhase;
			buildActionMask = 2147483647;
			files = (
				8DF0FF201EAF435200B9815F /* QiuQiuNiUITests.m in Sources */,
			);
			runOnlyForDeploymentPostprocessing = 0;
		};
/* End PBXSourcesBuildPhase section */

/* Begin PBXTargetDependency section */
		8DF0FF121EAF435200B9815F /* PBXTargetDependency */ = {
			isa = PBXTargetDependency;
			target = 8DF0FEF61EAF435200B9815F /* QiuQiuNi */;
			targetProxy = 8DF0FF111EAF435200B9815F /* PBXContainerItemProxy */;
		};
		8DF0FF1D1EAF435200B9815F /* PBXTargetDependency */ = {
			isa = PBXTargetDependency;
			target = 8DF0FEF61EAF435200B9815F /* QiuQiuNi */;
			targetProxy = 8DF0FF1C1EAF435200B9815F /* PBXContainerItemProxy */;
		};
/* End PBXTargetDependency section */

/* Begin PBXVariantGroup section */
		8DF0FF081EAF435200B9815F /* LaunchScreen.storyboard */ = {
			isa = PBXVariantGroup;
			children = (
				8DF0FF091EAF435200B9815F /* Base */,
			);
			name = LaunchScreen.storyboard;
			sourceTree = "<group>";
		};
/* End PBXVariantGroup section */

/* Begin XCBuildConfiguration section */
		8DF0FF221EAF435200B9815F /* Debug */ = {
			isa = XCBuildConfiguration;
			buildSettings = {
				ALWAYS_SEARCH_USER_PATHS = NO;
				CLANG_ANALYZER_NONNULL = YES;
				CLANG_ANALYZER_NUMBER_OBJECT_CONVERSION = YES_AGGRESSIVE;
				CLANG_CXX_LANGUAGE_STANDARD = "gnu++0x";
				CLANG_CXX_LIBRARY = "libc++";
				CLANG_ENABLE_MODULES = YES;
				CLANG_ENABLE_OBJC_ARC = YES;
				CLANG_WARN_BOOL_CONVERSION = YES;
				CLANG_WARN_CONSTANT_CONVERSION = YES;
				CLANG_WARN_DIRECT_OBJC_ISA_USAGE = YES_ERROR;
				CLANG_WARN_DOCUMENTATION_COMMENTS = YES;
				CLANG_WARN_EMPTY_BODY = YES;
				CLANG_WARN_ENUM_CONVERSION = YES;
				CLANG_WARN_INFINITE_RECURSION = YES;
				CLANG_WARN_INT_CONVERSION = YES;
				CLANG_WARN_OBJC_ROOT_CLASS = YES_ERROR;
				CLANG_WARN_SUSPICIOUS_MOVE = YES;
				CLANG_WARN_UNREACHABLE_CODE = YES;
				CLANG_WARN__DUPLICATE_METHOD_MATCH = YES;
				"CODE_SIGN_IDENTITY[sdk=iphoneos*]" = "iPhone Developer";
				COPY_PHASE_STRIP = NO;
				DEBUG_INFORMATION_FORMAT = dwarf;
				ENABLE_STRICT_OBJC_MSGSEND = YES;
				ENABLE_TESTABILITY = YES;
				GCC_C_LANGUAGE_STANDARD = gnu99;
				GCC_DYNAMIC_NO_PIC = NO;
				GCC_NO_COMMON_BLOCKS = YES;
				GCC_OPTIMIZATION_LEVEL = 0;
				GCC_PREPROCESSOR_DEFINITIONS = (
					"DEBUG=1",
					"$(inherited)",
				);
				GCC_WARN_64_TO_32_BIT_CONVERSION = YES;
				GCC_WARN_ABOUT_RETURN_TYPE = YES_ERROR;
				GCC_WARN_UNDECLARED_SELECTOR = YES;
				GCC_WARN_UNINITIALIZED_AUTOS = YES_AGGRESSIVE;
				GCC_WARN_UNUSED_FUNCTION = YES;
				GCC_WARN_UNUSED_VARIABLE = YES;
				IPHONEOS_DEPLOYMENT_TARGET = 10.3;
				MTL_ENABLE_DEBUG_INFO = YES;
				ONLY_ACTIVE_ARCH = YES;
				SDKROOT = iphoneos;
			};
			name = Debug;
		};
		8DF0FF231EAF435200B9815F /* Release */ = {
			isa = XCBuildConfiguration;
			buildSettings = {
				ALWAYS_SEARCH_USER_PATHS = NO;
				CLANG_ANALYZER_NONNULL = YES;
				CLANG_ANALYZER_NUMBER_OBJECT_CONVERSION = YES_AGGRESSIVE;
				CLANG_CXX_LANGUAGE_STANDARD = "gnu++0x";
				CLANG_CXX_LIBRARY = "libc++";
				CLANG_ENABLE_MODULES = YES;
				CLANG_ENABLE_OBJC_ARC = YES;
				CLANG_WARN_BOOL_CONVERSION = YES;
				CLANG_WARN_CONSTANT_CONVERSION = YES;
				CLANG_WARN_DIRECT_OBJC_ISA_USAGE = YES_ERROR;
				CLANG_WARN_DOCUMENTATION_COMMENTS = YES;
				CLANG_WARN_EMPTY_BODY = YES;
				CLANG_WARN_ENUM_CONVERSION = YES;
				CLANG_WARN_INFINITE_RECURSION = YES;
				CLANG_WARN_INT_CONVERSION = YES;
				CLANG_WARN_OBJC_ROOT_CLASS = YES_ERROR;
				CLANG_WARN_SUSPICIOUS_MOVE = YES;
				CLANG_WARN_UNREACHABLE_CODE = YES;
				CLANG_WARN__DUPLICATE_METHOD_MATCH = YES;
				"CODE_SIGN_IDENTITY[sdk=iphoneos*]" = "iPhone Developer";
				COPY_PHASE_STRIP = NO;
				DEBUG_INFORMATION_FORMAT = "dwarf-with-dsym";
				ENABLE_NS_ASSERTIONS = NO;
				ENABLE_STRICT_OBJC_MSGSEND = YES;
				GCC_C_LANGUAGE_STANDARD = gnu99;
				GCC_NO_COMMON_BLOCKS = YES;
				GCC_WARN_64_TO_32_BIT_CONVERSION = YES;
				GCC_WARN_ABOUT_RETURN_TYPE = YES_ERROR;
				GCC_WARN_UNDECLARED_SELECTOR = YES;
				GCC_WARN_UNINITIALIZED_AUTOS = YES_AGGRESSIVE;
				GCC_WARN_UNUSED_FUNCTION = YES;
				GCC_WARN_UNUSED_VARIABLE = YES;
				IPHONEOS_DEPLOYMENT_TARGET = 10.3;
				MTL_ENABLE_DEBUG_INFO = NO;
				SDKROOT = iphoneos;
				VALIDATE_PRODUCT = YES;
			};
			name = Release;
		};
		8DF0FF251EAF435200B9815F /* Debug */ = {
			isa = XCBuildConfiguration;
			buildSettings = {
				ASSETCATALOG_COMPILER_APPICON_NAME = AppIcon;
				INFOPLIST_FILE = QiuQiuNi/Info.plist;
				IPHONEOS_DEPLOYMENT_TARGET = 8.0;
				LD_RUNPATH_SEARCH_PATHS = "$(inherited) @executable_path/Frameworks";
				PRODUCT_BUNDLE_IDENTIFIER = com.successful.QiuQiuNi;
				PRODUCT_NAME = "$(TARGET_NAME)";
			};
			name = Debug;
		};
		8DF0FF261EAF435200B9815F /* Release */ = {
			isa = XCBuildConfiguration;
			buildSettings = {
				ASSETCATALOG_COMPILER_APPICON_NAME = AppIcon;
				INFOPLIST_FILE = QiuQiuNi/Info.plist;
				IPHONEOS_DEPLOYMENT_TARGET = 8.0;
				LD_RUNPATH_SEARCH_PATHS = "$(inherited) @executable_path/Frameworks";
				PRODUCT_BUNDLE_IDENTIFIER = com.successful.QiuQiuNi;
				PRODUCT_NAME = "$(TARGET_NAME)";
			};
			name = Release;
		};
		8DF0FF281EAF435200B9815F /* Debug */ = {
			isa = XCBuildConfiguration;
			buildSettings = {
				BUNDLE_LOADER = "$(TEST_HOST)";
				INFOPLIST_FILE = QiuQiuNiTests/Info.plist;
				LD_RUNPATH_SEARCH_PATHS = "$(inherited) @executable_path/Frameworks @loader_path/Frameworks";
				PRODUCT_BUNDLE_IDENTIFIER = com.successful.QiuQiuNiTests;
				PRODUCT_NAME = "$(TARGET_NAME)";
				TEST_HOST = "$(BUILT_PRODUCTS_DIR)/QiuQiuNi.app/QiuQiuNi";
			};
			name = Debug;
		};
		8DF0FF291EAF435200B9815F /* Release */ = {
			isa = XCBuildConfiguration;
			buildSettings = {
				BUNDLE_LOADER = "$(TEST_HOST)";
				INFOPLIST_FILE = QiuQiuNiTests/Info.plist;
				LD_RUNPATH_SEARCH_PATHS = "$(inherited) @executable_path/Frameworks @loader_path/Frameworks";
				PRODUCT_BUNDLE_IDENTIFIER = com.successful.QiuQiuNiTests;
				PRODUCT_NAME = "$(TARGET_NAME)";
				TEST_HOST = "$(BUILT_PRODUCTS_DIR)/QiuQiuNi.app/QiuQiuNi";
			};
			name = Release;
		};
		8DF0FF2B1EAF435200B9815F /* Debug */ = {
			isa = XCBuildConfiguration;
			buildSettings = {
				INFOPLIST_FILE = QiuQiuNiUITests/Info.plist;
				LD_RUNPATH_SEARCH_PATHS = "$(inherited) @executable_path/Frameworks @loader_path/Frameworks";
				PRODUCT_BUNDLE_IDENTIFIER = com.successful.QiuQiuNiUITests;
				PRODUCT_NAME = "$(TARGET_NAME)";
				TEST_TARGET_NAME = QiuQiuNi;
			};
			name = Debug;
		};
		8DF0FF2C1EAF435200B9815F /* Release */ = {
			isa = XCBuildConfiguration;
			buildSettings = {
				INFOPLIST_FILE = QiuQiuNiUITests/Info.plist;
				LD_RUNPATH_SEARCH_PATHS = "$(inherited) @executable_path/Frameworks @loader_path/Frameworks";
				PRODUCT_BUNDLE_IDENTIFIER = com.successful.QiuQiuNiUITests;
				PRODUCT_NAME = "$(TARGET_NAME)";
				TEST_TARGET_NAME = QiuQiuNi;
			};
			name = Release;
		};
/* End XCBuildConfiguration section */

/* Begin XCConfigurationList section */
		8DF0FEF21EAF435200B9815F /* Build configuration list for PBXProject "QiuQiuNi" */ = {
			isa = XCConfigurationList;
			buildConfigurations = (
				8DF0FF221EAF435200B9815F /* Debug */,
				8DF0FF231EAF435200B9815F /* Release */,
			);
			defaultConfigurationIsVisible = 0;
			defaultConfigurationName = Release;
		};
		8DF0FF241EAF435200B9815F /* Build configuration list for PBXNativeTarget "QiuQiuNi" */ = {
			isa = XCConfigurationList;
			buildConfigurations = (
				8DF0FF251EAF435200B9815F /* Debug */,
				8DF0FF261EAF435200B9815F /* Release */,
			);
			defaultConfigurationIsVisible = 0;
			defaultConfigurationName = Release;
		};
		8DF0FF271EAF435200B9815F /* Build configuration list for PBXNativeTarget "QiuQiuNiTests" */ = {
			isa = XCConfigurationList;
			buildConfigurations = (
				8DF0FF281EAF435200B9815F /* Debug */,
				8DF0FF291EAF435200B9815F /* Release */,
			);
			defaultConfigurationIsVisible = 0;
			defaultConfigurationName = Release;
		};
		8DF0FF2A1EAF435200B9815F /* Build configuration list for PBXNativeTarget "QiuQiuNiUITests" */ = {
			isa = XCConfigurationList;
			buildConfigurations = (
				8DF0FF2B1EAF435200B9815F /* Debug */,
				8DF0FF2C1EAF435200B9815F /* Release */,
			);
			defaultConfigurationIsVisible = 0;
			defaultConfigurationName = Release;
		};
/* End XCConfigurationList section */
	};
	rootObject = 8DF0FEEF1EAF435200B9815F /* Project object */;
}
